
Microsoft Visual Studio Solution File, Format Version 12.00
# Visual Studio Version 16
VisualStudioVersion = 16.0.29920.165
MinimumVisualStudioVersion = 10.0.40219.1
Project("{FAE04EC0-301F-11D3-BF4B-00C04F79EFBC}") = "FlightSimulatorApp2", "FlightSimulatorApp2\FlightSimulatorApp2.csproj", "{A93597DD-0E26-4245-9B8C-3969BFE55A88}"
EndProject
Global
	GlobalSection(SolutionConfigurationPlatforms) = preSolution
		Debug|Any CPU = Debug|Any CPU
		Release|Any CPU = Release|Any CPU
	EndGlobalSection
	GlobalSection(ProjectConfigurationPlatforms) = postSolution
		{A93597DD-0E26-4245-9B8C-3969BFE55A88}.Debug|Any CPU.ActiveCfg = Debug|Any CPU
		{A93597DD-0E26-4245-9B8C-3969BFE55A88}.Debug|Any CPU.Build.0 = Debug|Any CPU
		{A93597DD-0E26-4245-9B8C-3969BFE55A88}.Release|Any CPU.ActiveCfg = Release|Any CPU
		{A93597DD-0E26-4245-9B8C-3969BFE55A88}.Release|Any CPU.Build.0 = Release|Any CPU
	EndGlobalSection
	GlobalSection(SolutionProperties) = preSolution
		HideSolutionNode = FALSE
	EndGlobalSection
	GlobalSection(ExtensibilityGlobals) = postSolution
		SolutionGuid = {569C5175-B884-42E5-8C8F-440DDA0B2098}
	EndGlobalSection
EndGlobal
